// !$*UTF8*$!
{
	archiveVersion = 1;
	classes = {
	};
	objectVersion = 77;
	objects = {

/* Begin PBXBuildFile section */
		9905BE7C2DBBC41C00466C40 /* AlamofireNetworkActivityLogger in Frameworks */ = {isa = PBXBuildFile; productRef = 9905BE7B2DBBC41C00466C40 /* AlamofireNetworkActivityLogger */; };
		990F09CC2DBE4BAB003051E6 /* SwiftJWT in Frameworks */ = {isa = PBXBuildFile; productRef = 990F09CB2DBE4BAB003051E6 /* SwiftJWT */; };
		9949DCC52DE07F1900E62CFD /* SDWebImage in Frameworks */ = {isa = PBXBuildFile; productRef = 9949DCC42DE07F1900E62CFD /* SDWebImage */; };
		9949DCC72DE07F1900E62CFD /* SDWebImageMapKit in Frameworks */ = {isa = PBXBuildFile; productRef = 9949DCC62DE07F1900E62CFD /* SDWebImageMapKit */; };
		99B095FD2D81C5C70003123A /* Alamofire in Frameworks */ = {isa = PBXBuildFile; productRef = 99B095FC2D81C5C70003123A /* Alamofire */; };
		99B096052D81C6F30003123A /* SwiftyJSON in Frameworks */ = {isa = PBXBuildFile; productRef = 99B096042D81C6F30003123A /* SwiftyJSON */; };
		99DEBACA2DD08440001AF9BE /* FirebaseAnalytics in Frameworks */ = {isa = PBXBuildFile; productRef = 99DEBAC92DD08440001AF9BE /* FirebaseAnalytics */; };
		99DEBACC2DD08440001AF9BE /* FirebaseAnalyticsOnDeviceConversion in Frameworks */ = {isa = PBXBuildFile; productRef = 99DEBACB2DD08440001AF9BE /* FirebaseAnalyticsOnDeviceConversion */; };
		99DEBACE2DD08440001AF9BE /* FirebaseAnalyticsWithoutAdIdSupport in Frameworks */ = {isa = PBXBuildFile; productRef = 99DEBACD2DD08440001AF9BE /* FirebaseAnalyticsWithoutAdIdSupport */; };
		99DEBAD02DD08440001AF9BE /* FirebaseAppCheck in Frameworks */ = {isa = PBXBuildFile; productRef = 99DEBACF2DD08440001AF9BE /* FirebaseAppCheck */; };
		99DEBAD22DD08440001AF9BE /* FirebaseAppDistribution-Beta in Frameworks */ = {isa = PBXBuildFile; productRef = 99DEBAD12DD08440001AF9BE /* FirebaseAppDistribution-Beta */; };
		99DEBAD42DD08440001AF9BE /* FirebaseAuth in Frameworks */ = {isa = PBXBuildFile; productRef = 99DEBAD32DD08440001AF9BE /* FirebaseAuth */; };
		99DEBAD62DD08440001AF9BE /* FirebaseAuthCombine-Community in Frameworks */ = {isa = PBXBuildFile; productRef = 99DEBAD52DD08440001AF9BE /* FirebaseAuthCombine-Community */; };
		99DEBAD82DD08440001AF9BE /* FirebaseCore in Frameworks */ = {isa = PBXBuildFile; productRef = 99DEBAD72DD08440001AF9BE /* FirebaseCore */; };
		99DEBADA2DD08440001AF9BE /* FirebaseCrashlytics in Frameworks */ = {isa = PBXBuildFile; productRef = 99DEBAD92DD08440001AF9BE /* FirebaseCrashlytics */; };
		99DEBADC2DD08440001AF9BE /* FirebaseDatabase in Frameworks */ = {isa = PBXBuildFile; productRef = 99DEBADB2DD08440001AF9BE /* FirebaseDatabase */; };
		99DEBADE2DD08440001AF9BE /* FirebaseDynamicLinks in Frameworks */ = {isa = PBXBuildFile; productRef = 99DEBADD2DD08440001AF9BE /* FirebaseDynamicLinks */; };
		99DEBAE02DD08440001AF9BE /* FirebaseFirestore in Frameworks */ = {isa = PBXBuildFile; productRef = 99DEBADF2DD08440001AF9BE /* FirebaseFirestore */; };
		99DEBAE22DD08440001AF9BE /* FirebaseFirestoreCombine-Community in Frameworks */ = {isa = PBXBuildFile; productRef = 99DEBAE12DD08440001AF9BE /* FirebaseFirestoreCombine-Community */; };
		99DEBAE42DD08440001AF9BE /* FirebaseFunctions in Frameworks */ = {isa = PBXBuildFile; productRef = 99DEBAE32DD08440001AF9BE /* FirebaseFunctions */; };
		99DEBAE62DD08440001AF9BE /* FirebaseFunctionsCombine-Community in Frameworks */ = {isa = PBXBuildFile; productRef = 99DEBAE52DD08440001AF9BE /* FirebaseFunctionsCombine-Community */; };
		99DEBAE82DD08440001AF9BE /* FirebaseInAppMessaging-Beta in Frameworks */ = {isa = PBXBuildFile; productRef = 99DEBAE72DD08440001AF9BE /* FirebaseInAppMessaging-Beta */; };
		99DEBAEA2DD08440001AF9BE /* FirebaseInstallations in Frameworks */ = {isa = PBXBuildFile; productRef = 99DEBAE92DD08440001AF9BE /* FirebaseInstallations */; };
		99DEBAEC2DD08440001AF9BE /* FirebaseMLModelDownloader in Frameworks */ = {isa = PBXBuildFile; productRef = 99DEBAEB2DD08440001AF9BE /* FirebaseMLModelDownloader */; };
		99DEBAEE2DD08440001AF9BE /* FirebaseMessaging in Frameworks */ = {isa = PBXBuildFile; productRef = 99DEBAED2DD08440001AF9BE /* FirebaseMessaging */; };
		99DEBAF02DD08440001AF9BE /* FirebasePerformance in Frameworks */ = {isa = PBXBuildFile; productRef = 99DEBAEF2DD08440001AF9BE /* FirebasePerformance */; };
		99DEBAF22DD08440001AF9BE /* FirebaseRemoteConfig in Frameworks */ = {isa = PBXBuildFile; productRef = 99DEBAF12DD08440001AF9BE /* FirebaseRemoteConfig */; };
		99DEBAF42DD08440001AF9BE /* FirebaseStorage in Frameworks */ = {isa = PBXBuildFile; productRef = 99DEBAF32DD08440001AF9BE /* FirebaseStorage */; };
		99DEBAF62DD08440001AF9BE /* FirebaseStorageCombine-Community in Frameworks */ = {isa = PBXBuildFile; productRef = 99DEBAF52DD08440001AF9BE /* FirebaseStorageCombine-Community */; };
		99DEBAF82DD08440001AF9BE /* FirebaseVertexAI in Frameworks */ = {isa = PBXBuildFile; productRef = 99DEBAF72DD08440001AF9BE /* FirebaseVertexAI */; };
/* End PBXBuildFile section */

/* Begin PBXFileReference section */
		990863172D8154030041A724 /* FusionWork.app */ = {isa = PBXFileReference; explicitFileType = wrapper.application; includeInIndex = 0; path = FusionWork.app; sourceTree = BUILT_PRODUCTS_DIR; };
/* End PBXFileReference section */

/* Begin PBXFileSystemSynchronizedBuildFileExceptionSet section */
		990863292D8154040041A724 /* Exceptions for "FusionWork" folder in "FusionWork" target */ = {
			isa = PBXFileSystemSynchronizedBuildFileExceptionSet;
			membershipExceptions = (
				Info.plist,
			);
			target = 990863162D8154030041A724 /* FusionWork */;
		};
/* End PBXFileSystemSynchronizedBuildFileExceptionSet section */

/* Begin PBXFileSystemSynchronizedRootGroup section */
		990863192D8154030041A724 /* FusionWork */ = {
			isa = PBXFileSystemSynchronizedRootGroup;
			exceptions = (
				990863292D8154040041A724 /* Exceptions for "FusionWork" folder in "FusionWork" target */,
			);
			path = FusionWork;
			sourceTree = "<group>";
		};
/* End PBXFileSystemSynchronizedRootGroup section */

/* Begin PBXFrameworksBuildPhase section */
		990863142D8154030041A724 /* Frameworks */ = {
			isa = PBXFrameworksBuildPhase;
			buildActionMask = 2147483647;
			files = (
				99DEBAD02DD08440001AF9BE /* FirebaseAppCheck in Frameworks */,
				99DEBAD42DD08440001AF9BE /* FirebaseAuth in Frameworks */,
				99B095FD2D81C5C70003123A /* Alamofire in Frameworks */,
				99DEBAEE2DD08440001AF9BE /* FirebaseMessaging in Frameworks */,
				99DEBAE42DD08440001AF9BE /* FirebaseFunctions in Frameworks */,
				99DEBACC2DD08440001AF9BE /* FirebaseAnalyticsOnDeviceConversion in Frameworks */,
				9905BE7C2DBBC41C00466C40 /* AlamofireNetworkActivityLogger in Frameworks */,
				9949DCC52DE07F1900E62CFD /* SDWebImage in Frameworks */,
				99DEBAE02DD08440001AF9BE /* FirebaseFirestore in Frameworks */,
				99DEBAEC2DD08440001AF9BE /* FirebaseMLModelDownloader in Frameworks */,
				990F09CC2DBE4BAB003051E6 /* SwiftJWT in Frameworks */,
				99DEBAD62DD08440001AF9BE /* FirebaseAuthCombine-Community in Frameworks */,
				99DEBACE2DD08440001AF9BE /* FirebaseAnalyticsWithoutAdIdSupport in Frameworks */,
				99DEBACA2DD08440001AF9BE /* FirebaseAnalytics in Frameworks */,
				99DEBAE62DD08440001AF9BE /* FirebaseFunctionsCombine-Community in Frameworks */,
				99DEBAF02DD08440001AF9BE /* FirebasePerformance in Frameworks */,
				9949DCC72DE07F1900E62CFD /* SDWebImageMapKit in Frameworks */,
				99DEBADA2DD08440001AF9BE /* FirebaseCrashlytics in Frameworks */,
				99DEBAF62DD08440001AF9BE /* FirebaseStorageCombine-Community in Frameworks */,
				99DEBAE22DD08440001AF9BE /* FirebaseFirestoreCombine-Community in Frameworks */,
				99B096052D81C6F30003123A /* SwiftyJSON in Frameworks */,
				99DEBAEA2DD08440001AF9BE /* FirebaseInstallations in Frameworks */,
				99DEBAF22DD08440001AF9BE /* FirebaseRemoteConfig in Frameworks */,
				99DEBAD82DD08440001AF9BE /* FirebaseCore in Frameworks */,
				99DEBAF42DD08440001AF9BE /* FirebaseStorage in Frameworks */,
				99DEBADC2DD08440001AF9BE /* FirebaseDatabase in Frameworks */,
				99DEBAD22DD08440001AF9BE /* FirebaseAppDistribution-Beta in Frameworks */,
				99DEBAF82DD08440001AF9BE /* FirebaseVertexAI in Frameworks */,
				99DEBADE2DD08440001AF9BE /* FirebaseDynamicLinks in Frameworks */,
				99DEBAE82DD08440001AF9BE /* FirebaseInAppMessaging-Beta in Frameworks */,
			);
			runOnlyForDeploymentPostprocessing = 0;
		};
/* End PBXFrameworksBuildPhase section */

/* Begin PBXGroup section */
		9908630E2D8154030041A724 = {
			isa = PBXGroup;
			children = (
				990863192D8154030041A724 /* FusionWork */,
				990863182D8154030041A724 /* Products */,
			);
			sourceTree = "<group>";
		};
		990863182D8154030041A724 /* Products */ = {
			isa = PBXGroup;
			children = (
				990863172D8154030041A724 /* FusionWork.app */,
			);
			name = Products;
			sourceTree = "<group>";
		};
/* End PBXGroup section */

/* Begin PBXNativeTarget section */
		990863162D8154030041A724 /* FusionWork */ = {
			isa = PBXNativeTarget;
			buildConfigurationList = 9908632A2D8154040041A724 /* Build configuration list for PBXNativeTarget "FusionWork" */;
			buildPhases = (
				990863132D8154030041A724 /* Sources */,
				990863142D8154030041A724 /* Frameworks */,
				990863152D8154030041A724 /* Resources */,
			);
			buildRules = (
			);
			dependencies = (
			);
			fileSystemSynchronizedGroups = (
				990863192D8154030041A724 /* FusionWork */,
			);
			name = FusionWork;
			packageProductDependencies = (
				99B095FC2D81C5C70003123A /* Alamofire */,
				99B096042D81C6F30003123A /* SwiftyJSON */,
				9905BE7B2DBBC41C00466C40 /* AlamofireNetworkActivityLogger */,
				990F09CB2DBE4BAB003051E6 /* SwiftJWT */,
				99DEBAC92DD08440001AF9BE /* FirebaseAnalytics */,
				99DEBACB2DD08440001AF9BE /* FirebaseAnalyticsOnDeviceConversion */,
				99DEBACD2DD08440001AF9BE /* FirebaseAnalyticsWithoutAdIdSupport */,
				99DEBACF2DD08440001AF9BE /* FirebaseAppCheck */,
				99DEBAD12DD08440001AF9BE /* FirebaseAppDistribution-Beta */,
				99DEBAD32DD08440001AF9BE /* FirebaseAuth */,
				99DEBAD52DD08440001AF9BE /* FirebaseAuthCombine-Community */,
				99DEBAD72DD08440001AF9BE /* FirebaseCore */,
				99DEBAD92DD08440001AF9BE /* FirebaseCrashlytics */,
				99DEBADB2DD08440001AF9BE /* FirebaseDatabase */,
				99DEBADD2DD08440001AF9BE /* FirebaseDynamicLinks */,
				99DEBADF2DD08440001AF9BE /* FirebaseFirestore */,
				99DEBAE12DD08440001AF9BE /* FirebaseFirestoreCombine-Community */,
				99DEBAE32DD08440001AF9BE /* FirebaseFunctions */,
				99DEBAE52DD08440001AF9BE /* FirebaseFunctionsCombine-Community */,
				99DEBAE72DD08440001AF9BE /* FirebaseInAppMessaging-Beta */,
				99DEBAE92DD08440001AF9BE /* FirebaseInstallations */,
				99DEBAEB2DD08440001AF9BE /* FirebaseMLModelDownloader */,
				99DEBAED2DD08440001AF9BE /* FirebaseMessaging */,
				99DEBAEF2DD08440001AF9BE /* FirebasePerformance */,
				99DEBAF12DD08440001AF9BE /* FirebaseRemoteConfig */,
				99DEBAF32DD08440001AF9BE /* FirebaseStorage */,
				99DEBAF52DD08440001AF9BE /* FirebaseStorageCombine-Community */,
				99DEBAF72DD08440001AF9BE /* FirebaseVertexAI */,
				9949DCC42DE07F1900E62CFD /* SDWebImage */,
				9949DCC62DE07F1900E62CFD /* SDWebImageMapKit */,
			);
			productName = StartTrack;
			productReference = 990863172D8154030041A724 /* FusionWork.app */;
			productType = "com.apple.product-type.application";
		};
/* End PBXNativeTarget section */

/* Begin PBXProject section */
		9908630F2D8154030041A724 /* Project object */ = {
			isa = PBXProject;
			attributes = {
				BuildIndependentTargetsInParallel = 1;
				CLASSPREFIX = Fusion;
				LastSwiftUpdateCheck = 1620;
				LastUpgradeCheck = 1620;
				TargetAttributes = {
					990863162D8154030041A724 = {
						CreatedOnToolsVersion = 16.2;
					};
				};
			};
			buildConfigurationList = 990863122D8154030041A724 /* Build configuration list for PBXProject "FusionWork" */;
			developmentRegion = en;
			hasScannedForEncodings = 0;
			knownRegions = (
				en,
				Base,
			);
			mainGroup = 9908630E2D8154030041A724;
			minimizedProjectReferenceProxies = 1;
			packageReferences = (
				99B095FB2D81C5C70003123A /* XCRemoteSwiftPackageReference "Alamofire" */,
				99B096032D81C6F30003123A /* XCRemoteSwiftPackageReference "SwiftyJSON" */,
				9905BE7A2DBBC41C00466C40 /* XCRemoteSwiftPackageReference "AlamofireNetworkActivityLogger" */,
				990F09CA2DBE4BAB003051E6 /* XCRemoteSwiftPackageReference "Swift-JWT" */,
				99DEBAC82DD08440001AF9BE /* XCRemoteSwiftPackageReference "firebase-ios-sdk" */,
				9949DCC32DE07F1900E62CFD /* XCRemoteSwiftPackageReference "SDWebImage" */,
			);
			preferredProjectObjectVersion = 77;
			productRefGroup = 990863182D8154030041A724 /* Products */;
			projectDirPath = "";
			projectRoot = "";
			targets = (
				990863162D8154030041A724 /* FusionWork */,
			);
		};
/* End PBXProject section */

/* Begin PBXResourcesBuildPhase section */
		990863152D8154030041A724 /* Resources */ = {
			isa = PBXResourcesBuildPhase;
			buildActionMask = 2147483647;
			files = (
			);
			runOnlyForDeploymentPostprocessing = 0;
		};
/* End PBXResourcesBuildPhase section */

/* Begin PBXSourcesBuildPhase section */
		990863132D8154030041A724 /* Sources */ = {
			isa = PBXSourcesBuildPhase;
			buildActionMask = 2147483647;
			files = (
			);
			runOnlyForDeploymentPostprocessing = 0;
		};
/* End PBXSourcesBuildPhase section */

/* Begin XCBuildConfiguration section */
		9908632B2D8154040041A724 /* Debug */ = {
			isa = XCBuildConfiguration;
			buildSettings = {
				ASSETCATALOG_COMPILER_APPICON_NAME = AppIcon;
				ASSETCATALOG_COMPILER_GLOBAL_ACCENT_COLOR_NAME = AccentColor;
				CODE_SIGN_ENTITLEMENTS = FusionWork/FusionWork.entitlements;
				CODE_SIGN_STYLE = Automatic;
				CURRENT_PROJECT_VERSION = 1;
				DEVELOPMENT_TEAM = V7CA33Z44U;
				FRAMEWORK_SEARCH_PATHS = (
					"$(inherited)",
					"$(PROJECT_DIR)/FusionWork/Framework",
				);
				GENERATE_INFOPLIST_FILE = YES;
				INFOPLIST_FILE = FusionWork/Info.plist;
				INFOPLIST_KEY_CFBundleDisplayName = "Fusion Work";
				INFOPLIST_KEY_UIApplicationSupportsIndirectInputEvents = YES;
				INFOPLIST_KEY_UILaunchStoryboardName = LaunchScreen;
				INFOPLIST_KEY_UIMainStoryboardFile = Main;
				INFOPLIST_KEY_UIStatusBarStyle = UIStatusBarStyleLightContent;
				INFOPLIST_KEY_UISupportedInterfaceOrientations = UIInterfaceOrientationPortrait;
				IPHONEOS_DEPLOYMENT_TARGET = 15.0;
				LD_RUNPATH_SEARCH_PATHS = (
					"$(inherited)",
					"@executable_path/Frameworks",
				);
				MARKETING_VERSION = 1.0.1;
				PRODUCT_BUNDLE_IDENTIFIER = vn.imagination.FusionWork;
				PRODUCT_NAME = "$(TARGET_NAME)";
				SUPPORTED_PLATFORMS = "iphoneos iphonesimulator";
				SUPPORTS_MACCATALYST = NO;
				SUPPORTS_MAC_DESIGNED_FOR_IPHONE_IPAD = NO;
				SUPPORTS_XR_DESIGNED_FOR_IPHONE_IPAD = NO;
				SWIFT_EMIT_LOC_STRINGS = YES;
				SWIFT_VERSION = 5.0;
				TARGETED_DEVICE_FAMILY = 1;
			};
			name = Debug;
		};
		9908632C2D8154040041A724 /* Release */ = {
			isa = XCBuildConfiguration;
			buildSettings = {
				ASSETCATALOG_COMPILER_APPICON_NAME = AppIcon;
				ASSETCATALOG_COMPILER_GLOBAL_ACCENT_COLOR_NAME = AccentColor;
				CODE_SIGN_ENTITLEMENTS = FusionWork/FusionWork.entitlements;
				CODE_SIGN_STYLE = Automatic;
				CURRENT_PROJECT_VERSION = 1;
				DEVELOPMENT_TEAM = V7CA33Z44U;
				FRAMEWORK_SEARCH_PATHS = (
					"$(inherited)",
					"$(PROJECT_DIR)/FusionWork/Framework",
				);
				GENERATE_INFOPLIST_FILE = YES;
				INFOPLIST_FILE = FusionWork/Info.plist;
				INFOPLIST_KEY_CFBundleDisplayName = "Fusion Work";
				INFOPLIST_KEY_UIApplicationSupportsIndirectInputEvents = YES;
				INFOPLIST_KEY_UILaunchStoryboardName = LaunchScreen;
				INFOPLIST_KEY_UIMainStoryboardFile = Main;
				INFOPLIST_KEY_UIStatusBarStyle = UIStatusBarStyleLightContent;
				INFOPLIST_KEY_UISupportedInterfaceOrientations = UIInterfaceOrientationPortrait;
				IPHONEOS_DEPLOYMENT_TARGET = 15.0;
				LD_RUNPATH_SEARCH_PATHS = (
					"$(inherited)",
					"@executable_path/Frameworks",
				);
				MARKETING_VERSION = 1.0.1;
				PRODUCT_BUNDLE_IDENTIFIER = vn.imagination.FusionWork;
				PRODUCT_NAME = "$(TARGET_NAME)";
				SUPPORTED_PLATFORMS = "iphoneos iphonesimulator";
				SUPPORTS_MACCATALYST = NO;
				SUPPORTS_MAC_DESIGNED_FOR_IPHONE_IPAD = NO;
				SUPPORTS_XR_DESIGNED_FOR_IPHONE_IPAD = NO;
				SWIFT_EMIT_LOC_STRINGS = YES;
				SWIFT_VERSION = 5.0;
				TARGETED_DEVICE_FAMILY = 1;
			};
			name = Release;
		};
		9908632D2D8154040041A724 /* Debug */ = {
			isa = XCBuildConfiguration;
			buildSettings = {
				ALWAYS_SEARCH_USER_PATHS = NO;
				ASSETCATALOG_COMPILER_GENERATE_SWIFT_ASSET_SYMBOL_EXTENSIONS = YES;
				CLANG_ANALYZER_NONNULL = YES;
				CLANG_ANALYZER_NUMBER_OBJECT_CONVERSION = YES_AGGRESSIVE;
				CLANG_CXX_LANGUAGE_STANDARD = "gnu++20";
				CLANG_ENABLE_MODULES = YES;
				CLANG_ENABLE_OBJC_ARC = YES;
				CLANG_ENABLE_OBJC_WEAK = YES;
				CLANG_WARN_BLOCK_CAPTURE_AUTORELEASING = YES;
				CLANG_WARN_BOOL_CONVERSION = YES;
				CLANG_WARN_COMMA = YES;
				CLANG_WARN_CONSTANT_CONVERSION = YES;
				CLANG_WARN_DEPRECATED_OBJC_IMPLEMENTATIONS = YES;
				CLANG_WARN_DIRECT_OBJC_ISA_USAGE = YES_ERROR;
				CLANG_WARN_DOCUMENTATION_COMMENTS = YES;
				CLANG_WARN_EMPTY_BODY = YES;
				CLANG_WARN_ENUM_CONVERSION = YES;
				CLANG_WARN_INFINITE_RECURSION = YES;
				CLANG_WARN_INT_CONVERSION = YES;
				CLANG_WARN_NON_LITERAL_NULL_CONVERSION = YES;
				CLANG_WARN_OBJC_IMPLICIT_RETAIN_SELF = YES;
				CLANG_WARN_OBJC_LITERAL_CONVERSION = YES;
				CLANG_WARN_OBJC_ROOT_CLASS = YES_ERROR;
				CLANG_WARN_QUOTED_INCLUDE_IN_FRAMEWORK_HEADER = YES;
				CLANG_WARN_RANGE_LOOP_ANALYSIS = YES;
				CLANG_WARN_STRICT_PROTOTYPES = YES;
				CLANG_WARN_SUSPICIOUS_MOVE = YES;
				CLANG_WARN_UNGUARDED_AVAILABILITY = YES_AGGRESSIVE;
				CLANG_WARN_UNREACHABLE_CODE = YES;
				CLANG_WARN__DUPLICATE_METHOD_MATCH = YES;
				COPY_PHASE_STRIP = NO;
				DEBUG_INFORMATION_FORMAT = dwarf;
				ENABLE_STRICT_OBJC_MSGSEND = YES;
				ENABLE_TESTABILITY = YES;
				ENABLE_USER_SCRIPT_SANDBOXING = YES;
				FRAMEWORK_SEARCH_PATHS = "\"$(SRCROOT)/FusionWork/Framework\"";
				GCC_C_LANGUAGE_STANDARD = gnu17;
				GCC_DYNAMIC_NO_PIC = NO;
				GCC_NO_COMMON_BLOCKS = YES;
				GCC_OPTIMIZATION_LEVEL = 0;
				GCC_PREPROCESSOR_DEFINITIONS = (
					"DEBUG=1",
					"$(inherited)",
				);
				GCC_WARN_64_TO_32_BIT_CONVERSION = YES;
				GCC_WARN_ABOUT_RETURN_TYPE = YES_ERROR;
				GCC_WARN_UNDECLARED_SELECTOR = YES;
				GCC_WARN_UNINITIALIZED_AUTOS = YES_AGGRESSIVE;
				GCC_WARN_UNUSED_FUNCTION = YES;
				GCC_WARN_UNUSED_VARIABLE = YES;
				IPHONEOS_DEPLOYMENT_TARGET = 18.2;
				LOCALIZATION_PREFERS_STRING_CATALOGS = YES;
				MTL_ENABLE_DEBUG_INFO = INCLUDE_SOURCE;
				MTL_FAST_MATH = YES;
				ONLY_ACTIVE_ARCH = YES;
				SDKROOT = iphoneos;
				SWIFT_ACTIVE_COMPILATION_CONDITIONS = "DEBUG $(inherited)";
				SWIFT_OPTIMIZATION_LEVEL = "-Onone";
			};
			name = Debug;
		};
		9908632E2D8154040041A724 /* Release */ = {
			isa = XCBuildConfiguration;
			buildSettings = {
				ALWAYS_SEARCH_USER_PATHS = NO;
				ASSETCATALOG_COMPILER_GENERATE_SWIFT_ASSET_SYMBOL_EXTENSIONS = YES;
				CLANG_ANALYZER_NONNULL = YES;
				CLANG_ANALYZER_NUMBER_OBJECT_CONVERSION = YES_AGGRESSIVE;
				CLANG_CXX_LANGUAGE_STANDARD = "gnu++20";
				CLANG_ENABLE_MODULES = YES;
				CLANG_ENABLE_OBJC_ARC = YES;
				CLANG_ENABLE_OBJC_WEAK = YES;
				CLANG_WARN_BLOCK_CAPTURE_AUTORELEASING = YES;
				CLANG_WARN_BOOL_CONVERSION = YES;
				CLANG_WARN_COMMA = YES;
				CLANG_WARN_CONSTANT_CONVERSION = YES;
				CLANG_WARN_DEPRECATED_OBJC_IMPLEMENTATIONS = YES;
				CLANG_WARN_DIRECT_OBJC_ISA_USAGE = YES_ERROR;
				CLANG_WARN_DOCUMENTATION_COMMENTS = YES;
				CLANG_WARN_EMPTY_BODY = YES;
				CLANG_WARN_ENUM_CONVERSION = YES;
				CLANG_WARN_INFINITE_RECURSION = YES;
				CLANG_WARN_INT_CONVERSION = YES;
				CLANG_WARN_NON_LITERAL_NULL_CONVERSION = YES;
				CLANG_WARN_OBJC_IMPLICIT_RETAIN_SELF = YES;
				CLANG_WARN_OBJC_LITERAL_CONVERSION = YES;
				CLANG_WARN_OBJC_ROOT_CLASS = YES_ERROR;
				CLANG_WARN_QUOTED_INCLUDE_IN_FRAMEWORK_HEADER = YES;
				CLANG_WARN_RANGE_LOOP_ANALYSIS = YES;
				CLANG_WARN_STRICT_PROTOTYPES = YES;
				CLANG_WARN_SUSPICIOUS_MOVE = YES;
				CLANG_WARN_UNGUARDED_AVAILABILITY = YES_AGGRESSIVE;
				CLANG_WARN_UNREACHABLE_CODE = YES;
				CLANG_WARN__DUPLICATE_METHOD_MATCH = YES;
				COPY_PHASE_STRIP = NO;
				DEBUG_INFORMATION_FORMAT = "dwarf-with-dsym";
				ENABLE_NS_ASSERTIONS = NO;
				ENABLE_STRICT_OBJC_MSGSEND = YES;
				ENABLE_USER_SCRIPT_SANDBOXING = YES;
				FRAMEWORK_SEARCH_PATHS = "\"$(SRCROOT)/FusionWork/Framework\"";
				GCC_C_LANGUAGE_STANDARD = gnu17;
				GCC_NO_COMMON_BLOCKS = YES;
				GCC_WARN_64_TO_32_BIT_CONVERSION = YES;
				GCC_WARN_ABOUT_RETURN_TYPE = YES_ERROR;
				GCC_WARN_UNDECLARED_SELECTOR = YES;
				GCC_WARN_UNINITIALIZED_AUTOS = YES_AGGRESSIVE;
				GCC_WARN_UNUSED_FUNCTION = YES;
				GCC_WARN_UNUSED_VARIABLE = YES;
				IPHONEOS_DEPLOYMENT_TARGET = 18.2;
				LOCALIZATION_PREFERS_STRING_CATALOGS = YES;
				MTL_ENABLE_DEBUG_INFO = NO;
				MTL_FAST_MATH = YES;
				SDKROOT = iphoneos;
				SWIFT_COMPILATION_MODE = wholemodule;
				VALIDATE_PRODUCT = YES;
			};
			name = Release;
		};
/* End XCBuildConfiguration section */

/* Begin XCConfigurationList section */
		990863122D8154030041A724 /* Build configuration list for PBXProject "FusionWork" */ = {
			isa = XCConfigurationList;
			buildConfigurations = (
				9908632D2D8154040041A724 /* Debug */,
				9908632E2D8154040041A724 /* Release */,
			);
			defaultConfigurationIsVisible = 0;
			defaultConfigurationName = Release;
		};
		9908632A2D8154040041A724 /* Build configuration list for PBXNativeTarget "FusionWork" */ = {
			isa = XCConfigurationList;
			buildConfigurations = (
				9908632B2D8154040041A724 /* Debug */,
				9908632C2D8154040041A724 /* Release */,
			);
			defaultConfigurationIsVisible = 0;
			defaultConfigurationName = Release;
		};
/* End XCConfigurationList section */

/* Begin XCRemoteSwiftPackageReference section */
		9905BE7A2DBBC41C00466C40 /* XCRemoteSwiftPackageReference "AlamofireNetworkActivityLogger" */ = {
			isa = XCRemoteSwiftPackageReference;
			repositoryURL = "https://github.com/konkab/AlamofireNetworkActivityLogger.git";
			requirement = {
				kind = upToNextMajorVersion;
				minimumVersion = 3.4.0;
			};
		};
		990F09CA2DBE4BAB003051E6 /* XCRemoteSwiftPackageReference "Swift-JWT" */ = {
			isa = XCRemoteSwiftPackageReference;
			repositoryURL = "https://github.com/Kitura/Swift-JWT.git";
			requirement = {
				kind = upToNextMajorVersion;
				minimumVersion = 4.0.2;
			};
		};
		9949DCC32DE07F1900E62CFD /* XCRemoteSwiftPackageReference "SDWebImage" */ = {
			isa = XCRemoteSwiftPackageReference;
			repositoryURL = "https://github.com/SDWebImage/SDWebImage.git";
			requirement = {
				kind = upToNextMajorVersion;
				minimumVersion = 5.21.0;
			};
		};
		99B095FB2D81C5C70003123A /* XCRemoteSwiftPackageReference "Alamofire" */ = {
			isa = XCRemoteSwiftPackageReference;
			repositoryURL = "https://github.com/Alamofire/Alamofire.git";
			requirement = {
				kind = upToNextMajorVersion;
				minimumVersion = 5.10.2;
			};
		};
		99B096032D81C6F30003123A /* XCRemoteSwiftPackageReference "SwiftyJSON" */ = {
			isa = XCRemoteSwiftPackageReference;
			repositoryURL = "https://github.com/SwiftyJSON/SwiftyJSON.git";
			requirement = {
				kind = upToNextMajorVersion;
				minimumVersion = 5.0.2;
			};
		};
		99DEBAC82DD08440001AF9BE /* XCRemoteSwiftPackageReference "firebase-ios-sdk" */ = {
			isa = XCRemoteSwiftPackageReference;
			repositoryURL = "https://github.com/firebase/firebase-ios-sdk";
			requirement = {
				kind = upToNextMajorVersion;
				minimumVersion = 11.12.0;
			};
		};
/* End XCRemoteSwiftPackageReference section */

/* Begin XCSwiftPackageProductDependency section */
		9905BE7B2DBBC41C00466C40 /* AlamofireNetworkActivityLogger */ = {
			isa = XCSwiftPackageProductDependency;
			package = 9905BE7A2DBBC41C00466C40 /* XCRemoteSwiftPackageReference "AlamofireNetworkActivityLogger" */;
			productName = AlamofireNetworkActivityLogger;
		};
		990F09CB2DBE4BAB003051E6 /* SwiftJWT */ = {
			isa = XCSwiftPackageProductDependency;
			package = 990F09CA2DBE4BAB003051E6 /* XCRemoteSwiftPackageReference "Swift-JWT" */;
			productName = SwiftJWT;
		};
		9949DCC42DE07F1900E62CFD /* SDWebImage */ = {
			isa = XCSwiftPackageProductDependency;
			package = 9949DCC32DE07F1900E62CFD /* XCRemoteSwiftPackageReference "SDWebImage" */;
			productName = SDWebImage;
		};
		9949DCC62DE07F1900E62CFD /* SDWebImageMapKit */ = {
			isa = XCSwiftPackageProductDependency;
			package = 9949DCC32DE07F1900E62CFD /* XCRemoteSwiftPackageReference "SDWebImage" */;
			productName = SDWebImageMapKit;
		};
		99B095FC2D81C5C70003123A /* Alamofire */ = {
			isa = XCSwiftPackageProductDependency;
			package = 99B095FB2D81C5C70003123A /* XCRemoteSwiftPackageReference "Alamofire" */;
			productName = Alamofire;
		};
		99B096042D81C6F30003123A /* SwiftyJSON */ = {
			isa = XCSwiftPackageProductDependency;
			package = 99B096032D81C6F30003123A /* XCRemoteSwiftPackageReference "SwiftyJSON" */;
			productName = SwiftyJSON;
		};
		99DEBAC92DD08440001AF9BE /* FirebaseAnalytics */ = {
			isa = XCSwiftPackageProductDependency;
			package = 99DEBAC82DD08440001AF9BE /* XCRemoteSwiftPackageReference "firebase-ios-sdk" */;
			productName = FirebaseAnalytics;
		};
		99DEBACB2DD08440001AF9BE /* FirebaseAnalyticsOnDeviceConversion */ = {
			isa = XCSwiftPackageProductDependency;
			package = 99DEBAC82DD08440001AF9BE /* XCRemoteSwiftPackageReference "firebase-ios-sdk" */;
			productName = FirebaseAnalyticsOnDeviceConversion;
		};
		99DEBACD2DD08440001AF9BE /* FirebaseAnalyticsWithoutAdIdSupport */ = {
			isa = XCSwiftPackageProductDependency;
			package = 99DEBAC82DD08440001AF9BE /* XCRemoteSwiftPackageReference "firebase-ios-sdk" */;
			productName = FirebaseAnalyticsWithoutAdIdSupport;
		};
		99DEBACF2DD08440001AF9BE /* FirebaseAppCheck */ = {
			isa = XCSwiftPackageProductDependency;
			package = 99DEBAC82DD08440001AF9BE /* XCRemoteSwiftPackageReference "firebase-ios-sdk" */;
			productName = FirebaseAppCheck;
		};
		99DEBAD12DD08440001AF9BE /* FirebaseAppDistribution-Beta */ = {
			isa = XCSwiftPackageProductDependency;
			package = 99DEBAC82DD08440001AF9BE /* XCRemoteSwiftPackageReference "firebase-ios-sdk" */;
			productName = "FirebaseAppDistribution-Beta";
		};
		99DEBAD32DD08440001AF9BE /* FirebaseAuth */ = {
			isa = XCSwiftPackageProductDependency;
			package = 99DEBAC82DD08440001AF9BE /* XCRemoteSwiftPackageReference "firebase-ios-sdk" */;
			productName = FirebaseAuth;
		};
		99DEBAD52DD08440001AF9BE /* FirebaseAuthCombine-Community */ = {
			isa = XCSwiftPackageProductDependency;
			package = 99DEBAC82DD08440001AF9BE /* XCRemoteSwiftPackageReference "firebase-ios-sdk" */;
			productName = "FirebaseAuthCombine-Community";
		};
		99DEBAD72DD08440001AF9BE /* FirebaseCore */ = {
			isa = XCSwiftPackageProductDependency;
			package = 99DEBAC82DD08440001AF9BE /* XCRemoteSwiftPackageReference "firebase-ios-sdk" */;
			productName = FirebaseCore;
		};
		99DEBAD92DD08440001AF9BE /* FirebaseCrashlytics */ = {
			isa = XCSwiftPackageProductDependency;
			package = 99DEBAC82DD08440001AF9BE /* XCRemoteSwiftPackageReference "firebase-ios-sdk" */;
			productName = FirebaseCrashlytics;
		};
		99DEBADB2DD08440001AF9BE /* FirebaseDatabase */ = {
			isa = XCSwiftPackageProductDependency;
			package = 99DEBAC82DD08440001AF9BE /* XCRemoteSwiftPackageReference "firebase-ios-sdk" */;
			productName = FirebaseDatabase;
		};
		99DEBADD2DD08440001AF9BE /* FirebaseDynamicLinks */ = {
			isa = XCSwiftPackageProductDependency;
			package = 99DEBAC82DD08440001AF9BE /* XCRemoteSwiftPackageReference "firebase-ios-sdk" */;
			productName = FirebaseDynamicLinks;
		};
		99DEBADF2DD08440001AF9BE /* FirebaseFirestore */ = {
			isa = XCSwiftPackageProductDependency;
			package = 99DEBAC82DD08440001AF9BE /* XCRemoteSwiftPackageReference "firebase-ios-sdk" */;
			productName = FirebaseFirestore;
		};
		99DEBAE12DD08440001AF9BE /* FirebaseFirestoreCombine-Community */ = {
			isa = XCSwiftPackageProductDependency;
			package = 99DEBAC82DD08440001AF9BE /* XCRemoteSwiftPackageReference "firebase-ios-sdk" */;
			productName = "FirebaseFirestoreCombine-Community";
		};
		99DEBAE32DD08440001AF9BE /* FirebaseFunctions */ = {
			isa = XCSwiftPackageProductDependency;
			package = 99DEBAC82DD08440001AF9BE /* XCRemoteSwiftPackageReference "firebase-ios-sdk" */;
			productName = FirebaseFunctions;
		};
		99DEBAE52DD08440001AF9BE /* FirebaseFunctionsCombine-Community */ = {
			isa = XCSwiftPackageProductDependency;
			package = 99DEBAC82DD08440001AF9BE /* XCRemoteSwiftPackageReference "firebase-ios-sdk" */;
			productName = "FirebaseFunctionsCombine-Community";
		};
		99DEBAE72DD08440001AF9BE /* FirebaseInAppMessaging-Beta */ = {
			isa = XCSwiftPackageProductDependency;
			package = 99DEBAC82DD08440001AF9BE /* XCRemoteSwiftPackageReference "firebase-ios-sdk" */;
			productName = "FirebaseInAppMessaging-Beta";
		};
		99DEBAE92DD08440001AF9BE /* FirebaseInstallations */ = {
			isa = XCSwiftPackageProductDependency;
			package = 99DEBAC82DD08440001AF9BE /* XCRemoteSwiftPackageReference "firebase-ios-sdk" */;
			productName = FirebaseInstallations;
		};
		99DEBAEB2DD08440001AF9BE /* FirebaseMLModelDownloader */ = {
			isa = XCSwiftPackageProductDependency;
			package = 99DEBAC82DD08440001AF9BE /* XCRemoteSwiftPackageReference "firebase-ios-sdk" */;
			productName = FirebaseMLModelDownloader;
		};
		99DEBAED2DD08440001AF9BE /* FirebaseMessaging */ = {
			isa = XCSwiftPackageProductDependency;
			package = 99DEBAC82DD08440001AF9BE /* XCRemoteSwiftPackageReference "firebase-ios-sdk" */;
			productName = FirebaseMessaging;
		};
		99DEBAEF2DD08440001AF9BE /* FirebasePerformance */ = {
			isa = XCSwiftPackageProductDependency;
			package = 99DEBAC82DD08440001AF9BE /* XCRemoteSwiftPackageReference "firebase-ios-sdk" */;
			productName = FirebasePerformance;
		};
		99DEBAF12DD08440001AF9BE /* FirebaseRemoteConfig */ = {
			isa = XCSwiftPackageProductDependency;
			package = 99DEBAC82DD08440001AF9BE /* XCRemoteSwiftPackageReference "firebase-ios-sdk" */;
			productName = FirebaseRemoteConfig;
		};
		99DEBAF32DD08440001AF9BE /* FirebaseStorage */ = {
			isa = XCSwiftPackageProductDependency;
			package = 99DEBAC82DD08440001AF9BE /* XCRemoteSwiftPackageReference "firebase-ios-sdk" */;
			productName = FirebaseStorage;
		};
		99DEBAF52DD08440001AF9BE /* FirebaseStorageCombine-Community */ = {
			isa = XCSwiftPackageProductDependency;
			package = 99DEBAC82DD08440001AF9BE /* XCRemoteSwiftPackageReference "firebase-ios-sdk" */;
			productName = "FirebaseStorageCombine-Community";
		};
		99DEBAF72DD08440001AF9BE /* FirebaseVertexAI */ = {
			isa = XCSwiftPackageProductDependency;
			package = 99DEBAC82DD08440001AF9BE /* XCRemoteSwiftPackageReference "firebase-ios-sdk" */;
			productName = FirebaseVertexAI;
		};
/* End XCSwiftPackageProductDependency section */
	};
	rootObject = 9908630F2D8154030041A724 /* Project object */;
}
